
Microsoft Visual Studio Solution File, Format Version 12.00
# Visual Studio 15
VisualStudioVersion = 15.0.28010.2046
MinimumVisualStudioVersion = 10.0.40219.1
Project("{FAE04EC0-301F-11D3-BF4B-00C04F79EFBC}") = "Task 1", "Task 1\Task 1.csproj", "{AE46E4F5-0A3D-49FE-B5D4-CC41598D6B30}"
EndProject
Global
	GlobalSection(SolutionConfigurationPlatforms) = preSolution
		Debug|Any CPU = Debug|Any CPU
		Release|Any CPU = Release|Any CPU
	EndGlobalSection
	GlobalSection(ProjectConfigurationPlatforms) = postSolution
		{AE46E4F5-0A3D-49FE-B5D4-CC41598D6B30}.Debug|Any CPU.ActiveCfg = Debug|Any CPU
		{AE46E4F5-0A3D-49FE-B5D4-CC41598D6B30}.Debug|Any CPU.Build.0 = Debug|Any CPU
		{AE46E4F5-0A3D-49FE-B5D4-CC41598D6B30}.Release|Any CPU.ActiveCfg = Release|Any CPU
		{AE46E4F5-0A3D-49FE-B5D4-CC41598D6B30}.Release|Any CPU.Build.0 = Release|Any CPU
	EndGlobalSection
	GlobalSection(SolutionProperties) = preSolution
		HideSolutionNode = FALSE
	EndGlobalSection
	GlobalSection(ExtensibilityGlobals) = postSolution
		SolutionGuid = {B4F6C54B-C1A5-4AC3-B0AB-39D3FAF510E6}
	EndGlobalSection
EndGlobal
